
Microsoft Visual Studio Solution File, Format Version 12.00
# Visual Studio 15
VisualStudioVersion = 15.0.28307.1433
MinimumVisualStudioVersion = 10.0.40219.1
Project("{FAE04EC0-301F-11D3-BF4B-00C04F79EFBC}") = "CoordenadasPonto", "CoordenadasPonto\CoordenadasPonto.csproj", "{3386678D-EDB0-4BDE-A772-63DEE73FD643}"
EndProject
Global
	GlobalSection(SolutionConfigurationPlatforms) = preSolution
		Debug|Any CPU = Debug|Any CPU
		Release|Any CPU = Release|Any CPU
	EndGlobalSection
	GlobalSection(ProjectConfigurationPlatforms) = postSolution
		{3386678D-EDB0-4BDE-A772-63DEE73FD643}.Debug|Any CPU.ActiveCfg = Debug|Any CPU
		{3386678D-EDB0-4BDE-A772-63DEE73FD643}.Debug|Any CPU.Build.0 = Debug|Any CPU
		{3386678D-EDB0-4BDE-A772-63DEE73FD643}.Release|Any CPU.ActiveCfg = Release|Any CPU
		{3386678D-EDB0-4BDE-A772-63DEE73FD643}.Release|Any CPU.Build.0 = Release|Any CPU
	EndGlobalSection
	GlobalSection(SolutionProperties) = preSolution
		HideSolutionNode = FALSE
	EndGlobalSection
	GlobalSection(ExtensibilityGlobals) = postSolution
		SolutionGuid = {26987A9E-43A9-4CA8-BDEF-4B88D60BAEAA}
	EndGlobalSection
EndGlobal
